
Microsoft Visual Studio Solution File, Format Version 12.00
# Visual Studio Version 17
VisualStudioVersion = 17.4.33110.190
MinimumVisualStudioVersion = 10.0.40219.1
Project("{FAE04EC0-301F-11D3-BF4B-00C04F79EFBC}") = "GlebKurs", "GlebKurs\GlebKurs.csproj", "{6E817135-59E7-458E-AB89-C5C9EFB98124}"
EndProject
Project("{FAE04EC0-301F-11D3-BF4B-00C04F79EFBC}") = "ClassLibrary", "ClassLibrary\ClassLibrary.csproj", "{CE8514DF-73E2-487E-874B-4D877F60C8B6}"
EndProject
Global
	GlobalSection(SolutionConfigurationPlatforms) = preSolution
		Debug|Any CPU = Debug|Any CPU
		Release|Any CPU = Release|Any CPU
	EndGlobalSection
	GlobalSection(ProjectConfigurationPlatforms) = postSolution
		{6E817135-59E7-458E-AB89-C5C9EFB98124}.Debug|Any CPU.ActiveCfg = Debug|Any CPU
		{6E817135-59E7-458E-AB89-C5C9EFB98124}.Debug|Any CPU.Build.0 = Debug|Any CPU
		{6E817135-59E7-458E-AB89-C5C9EFB98124}.Release|Any CPU.ActiveCfg = Release|Any CPU
		{6E817135-59E7-458E-AB89-C5C9EFB98124}.Release|Any CPU.Build.0 = Release|Any CPU
		{CE8514DF-73E2-487E-874B-4D877F60C8B6}.Debug|Any CPU.ActiveCfg = Debug|Any CPU
		{CE8514DF-73E2-487E-874B-4D877F60C8B6}.Debug|Any CPU.Build.0 = Debug|Any CPU
		{CE8514DF-73E2-487E-874B-4D877F60C8B6}.Release|Any CPU.ActiveCfg = Release|Any CPU
		{CE8514DF-73E2-487E-874B-4D877F60C8B6}.Release|Any CPU.Build.0 = Release|Any CPU
	EndGlobalSection
	GlobalSection(SolutionProperties) = preSolution
		HideSolutionNode = FALSE
	EndGlobalSection
	GlobalSection(ExtensibilityGlobals) = postSolution
		SolutionGuid = {7A3328DD-1AA1-456D-B26B-523F7DD762C7}
	EndGlobalSection
EndGlobal
